
Microsoft Visual Studio Solution File, Format Version 12.00
# Visual Studio Version 17
VisualStudioVersion = 17.10.35004.147
MinimumVisualStudioVersion = 10.0.40219.1
Project("{FAE04EC0-301F-11D3-BF4B-00C04F79EFBC}") = "Application", "Application\Application.csproj", "{3AB25026-FB5F-4E9F-92C8-9726210B161F}"
EndProject
Project("{FAE04EC0-301F-11D3-BF4B-00C04F79EFBC}") = "Domain", "Domain\Domain.csproj", "{8759A373-8BEE-4ED7-B13B-69B2F2C55F02}"
EndProject
Project("{FAE04EC0-301F-11D3-BF4B-00C04F79EFBC}") = "Infrastructure", "Infrastructure\Infrastructure.csproj", "{DEBA6B04-AAD1-4045-94D8-271CD5ED7ED0}"
EndProject
Project("{FAE04EC0-301F-11D3-BF4B-00C04F79EFBC}") = "WebAPI", "WebAPI\WebAPI.csproj", "{2122EDAF-B6D8-4E28-9026-541A6568D8E5}"
EndProject
Global
	GlobalSection(SolutionConfigurationPlatforms) = preSolution
		Debug|Any CPU = Debug|Any CPU
		Release|Any CPU = Release|Any CPU
	EndGlobalSection
	GlobalSection(ProjectConfigurationPlatforms) = postSolution
		{3AB25026-FB5F-4E9F-92C8-9726210B161F}.Debug|Any CPU.ActiveCfg = Debug|Any CPU
		{3AB25026-FB5F-4E9F-92C8-9726210B161F}.Debug|Any CPU.Build.0 = Debug|Any CPU
		{3AB25026-FB5F-4E9F-92C8-9726210B161F}.Release|Any CPU.ActiveCfg = Release|Any CPU
		{3AB25026-FB5F-4E9F-92C8-9726210B161F}.Release|Any CPU.Build.0 = Release|Any CPU
		{8759A373-8BEE-4ED7-B13B-69B2F2C55F02}.Debug|Any CPU.ActiveCfg = Debug|Any CPU
		{8759A373-8BEE-4ED7-B13B-69B2F2C55F02}.Debug|Any CPU.Build.0 = Debug|Any CPU
		{8759A373-8BEE-4ED7-B13B-69B2F2C55F02}.Release|Any CPU.ActiveCfg = Release|Any CPU
		{8759A373-8BEE-4ED7-B13B-69B2F2C55F02}.Release|Any CPU.Build.0 = Release|Any CPU
		{DEBA6B04-AAD1-4045-94D8-271CD5ED7ED0}.Debug|Any CPU.ActiveCfg = Debug|Any CPU
		{DEBA6B04-AAD1-4045-94D8-271CD5ED7ED0}.Debug|Any CPU.Build.0 = Debug|Any CPU
		{DEBA6B04-AAD1-4045-94D8-271CD5ED7ED0}.Release|Any CPU.ActiveCfg = Release|Any CPU
		{DEBA6B04-AAD1-4045-94D8-271CD5ED7ED0}.Release|Any CPU.Build.0 = Release|Any CPU
		{2122EDAF-B6D8-4E28-9026-541A6568D8E5}.Debug|Any CPU.ActiveCfg = Debug|Any CPU
		{2122EDAF-B6D8-4E28-9026-541A6568D8E5}.Debug|Any CPU.Build.0 = Debug|Any CPU
		{2122EDAF-B6D8-4E28-9026-541A6568D8E5}.Release|Any CPU.ActiveCfg = Release|Any CPU
		{2122EDAF-B6D8-4E28-9026-541A6568D8E5}.Release|Any CPU.Build.0 = Release|Any CPU
	EndGlobalSection
	GlobalSection(SolutionProperties) = preSolution
		HideSolutionNode = FALSE
	EndGlobalSection
	GlobalSection(ExtensibilityGlobals) = postSolution
		SolutionGuid = {C111B99E-4EA4-4C53-B408-91B016792C19}
	EndGlobalSection
EndGlobal
